<Solution>
  <Project Path="Lesson_11_15/Lesson_11_15_Ex1/Lesson_11_15_Ex1.csproj" />
  <Project Path="Lesson_11_15/Lesson_11_15_Ex2/Lesson_11_15_Ex2.csproj" Id="b5c9c50c-77f9-4c16-acc7-38b04eac7a17" />
  <Project Path="Lesson_11_18/Lesson_11_18_Ex2/Lesson_11_18_Ex2.csproj" Id="effa3901-07fb-4944-b598-bbcd066ed609" />
</Solution>
