<Solution>
  <Folder Name="/Lesson_11_15/">
    <Project Path="Lesson_11_15/Lesson_11_15_Add_1/Lesson_11_15_Add_1.csproj" Id="f29382d5-1ab2-438d-af1b-83303c8c051c" />
    <Project Path="Lesson_11_15/Lesson_11_15_Ex1/Lesson_11_15_Ex1.csproj" />
    <Project Path="Lesson_11_15/Lesson_11_15_Ex10/Lesson_11_15_Ex10.csproj" Id="0a43f27b-901b-4126-b60e-3add2172381c" />
    <Project Path="Lesson_11_15/Lesson_11_15_Ex11/Lesson_11_15_Ex11.csproj" Id="66480256-fa92-4ef8-9e2e-007545c4a35b" />
    <Project Path="Lesson_11_15/Lesson_11_15_Ex12/Lesson_11_15_Ex12.csproj" Id="1e485433-16b0-4e12-8de5-8ae94b1f376b" />
    <Project Path="Lesson_11_15/Lesson_11_15_Ex2/Lesson_11_15_Ex2.csproj" Id="b5c9c50c-77f9-4c16-acc7-38b04eac7a17" />
    <Project Path="Lesson_11_15/Lesson_11_15_Ex3/Lesson_11_15_Ex3.csproj" Id="772bc821-0942-4af2-b9fb-380af88489dd" />
    <Project Path="Lesson_11_15/Lesson_11_15_Ex4/Lesson_11_15_Ex4.csproj" Id="06b19161-d114-467b-955d-93f1bc279d09" />
    <Project Path="Lesson_11_15/Lesson_11_15_Ex5/Lesson_11_15_Ex5.csproj" />
    <Project Path="Lesson_11_15/Lesson_11_15_Ex6/Lesson_11_15_Ex6.csproj" Id="8805f422-57d0-42e7-bc84-d746fe73bbab" />
    <Project Path="Lesson_11_15/Lesson_11_15_Ex7/Lesson_11_15_Ex7.csproj" Id="50dda9b5-3020-4929-aacf-16cae95546cd" />
    <Project Path="Lesson_11_15/Lesson_11_15_Ex8/Lesson_11_15_Ex8.csproj" Id="feb72f59-cf64-4712-bf56-ef20749190a7" />
    <Project Path="Lesson_11_15/Lesson_11_15_Ex9/Lesson_11_15_Ex9.csproj" Id="fdfd92d9-0b66-4dcb-8b48-4b037983b1db" />
  </Folder>
  <Folder Name="/Lesson_11_18/">
    <Project Path="Lesson_11_18/Lesson_11_18_Ex1/Lesson_11_18_Ex1.csproj" Id="795076fe-1e39-4e8b-a42b-212ef5175ea9" />
    <Project Path="Lesson_11_18/Lesson_11_18_Ex2/Lesson_11_18_Ex2.csproj" Id="b874809b-d449-4fef-b48e-c3acd0509ff4" />
    <Project Path="Lesson_11_18/Lesson_11_18_Ex3/Lesson_11_18_Ex3.csproj" Id="ebeaeed4-2ed2-485c-9998-7024f40a03a3" />
    <Project Path="Lesson_11_18/Lesson_11_18_Ex4/Lesson_11_18_Ex4.csproj" Id="966b7f21-d41b-4735-9912-6f0e643cbdaa" />
    <Project Path="Lesson_11_18/Lesson_11_18_Ex5/Lesson_11_18_Ex5.csproj" Id="94a48f39-8751-47bc-9b4e-ae1baec85d59" />
  </Folder>
  <Folder Name="/Lesson_11_20/">
    <Project Path="Lesson_11_20/Lesson_11_20_Ex1/Lesson_11_20_Ex1.csproj" Id="cd4fe96f-fbb8-4480-a4ca-87d96890d2f1" />
    <Project Path="Lesson_11_20/Lesson_11_20_Ex2/Lesson_11_20_Ex2.csproj" Id="7965cf69-938b-4a6d-81a8-efe3679fd457" />
    <Project Path="Lesson_11_20/Lesson_11_20_Ex3/Lesson_11_20_Ex3.csproj" Id="03c6472d-0a28-4400-aed4-6eddb3768e57" />
  </Folder>
</Solution>
